
Microsoft Visual Studio Solution File, Format Version 12.00
# Visual Studio 2012
Project("{FAE04EC0-301F-11D3-BF4B-00C04F79EFBC}") = "4D13TowerDefenseGame", "4D13TowerDefenseGame\4D13TowerDefenseGame.csproj", "{7FB72026-BC35-472F-AA1A-D1AD45AE2DBD}"
EndProject
Global
	GlobalSection(SolutionConfigurationPlatforms) = preSolution
		Debug|x86 = Debug|x86
		Release|x86 = Release|x86
	EndGlobalSection
	GlobalSection(ProjectConfigurationPlatforms) = postSolution
		{7FB72026-BC35-472F-AA1A-D1AD45AE2DBD}.Debug|x86.ActiveCfg = Debug|x86
		{7FB72026-BC35-472F-AA1A-D1AD45AE2DBD}.Debug|x86.Build.0 = Debug|x86
		{7FB72026-BC35-472F-AA1A-D1AD45AE2DBD}.Release|x86.ActiveCfg = Release|x86
		{7FB72026-BC35-472F-AA1A-D1AD45AE2DBD}.Release|x86.Build.0 = Release|x86
	EndGlobalSection
	GlobalSection(SolutionProperties) = preSolution
		HideSolutionNode = FALSE
	EndGlobalSection
EndGlobal
