
Microsoft Visual Studio Solution File, Format Version 12.00
# Visual Studio 2012
Project("{FAE04EC0-301F-11D3-BF4B-00C04F79EFBC}") = "Main Menu GUI", "Main Menu GUI\Main Menu GUI.csproj", "{AAFBB31B-168F-40F4-953C-BE8E93E8A279}"
EndProject
Global
	GlobalSection(SolutionConfigurationPlatforms) = preSolution
		Debug|x86 = Debug|x86
		Release|x86 = Release|x86
	EndGlobalSection
	GlobalSection(ProjectConfigurationPlatforms) = postSolution
		{AAFBB31B-168F-40F4-953C-BE8E93E8A279}.Debug|x86.ActiveCfg = Debug|x86
		{AAFBB31B-168F-40F4-953C-BE8E93E8A279}.Debug|x86.Build.0 = Debug|x86
		{AAFBB31B-168F-40F4-953C-BE8E93E8A279}.Release|x86.ActiveCfg = Release|x86
		{AAFBB31B-168F-40F4-953C-BE8E93E8A279}.Release|x86.Build.0 = Release|x86
	EndGlobalSection
	GlobalSection(SolutionProperties) = preSolution
		HideSolutionNode = FALSE
	EndGlobalSection
EndGlobal
